https://github.com/korlibs/korge-compose.git/korge-compose#0.0.2 ::: d8b8a68cb8b6a5bfb162b1443e0f5e1e2d961868:f504fa02fcf8020cf0f40704fb00fa0dfd0df404090d0cf00c07fd000af7fa01
https://github.com/korlibs/korge-compose.git/korge-compose#0.0.4 ::: caeae9a35f2ad1e29f6ddfc76b5491bc7929cb8a:fef0fdf80b0cf8f8f70cf8fcf2f0fb00f80a04ff0c0d0af705ff08f0fff70bf8
